
Microsoft Visual Studio Solution File, Format Version 12.00
# Visual Studio Version 16
VisualStudioVersion = 16.0.30225.117
MinimumVisualStudioVersion = 10.0.40219.1
Project("{FAE04EC0-301F-11D3-BF4B-00C04F79EFBC}") = "Aula9", "Aula9.csproj", "{A8473E89-A1F8-407F-B74A-9421324A1D3E}"
EndProject
Global
	GlobalSection(SolutionConfigurationPlatforms) = preSolution
		Debug|Any CPU = Debug|Any CPU
		Release|Any CPU = Release|Any CPU
	EndGlobalSection
	GlobalSection(ProjectConfigurationPlatforms) = postSolution
		{A8473E89-A1F8-407F-B74A-9421324A1D3E}.Debug|Any CPU.ActiveCfg = Debug|Any CPU
		{A8473E89-A1F8-407F-B74A-9421324A1D3E}.Debug|Any CPU.Build.0 = Debug|Any CPU
		{A8473E89-A1F8-407F-B74A-9421324A1D3E}.Release|Any CPU.ActiveCfg = Release|Any CPU
		{A8473E89-A1F8-407F-B74A-9421324A1D3E}.Release|Any CPU.Build.0 = Release|Any CPU
	EndGlobalSection
	GlobalSection(SolutionProperties) = preSolution
		HideSolutionNode = FALSE
	EndGlobalSection
	GlobalSection(ExtensibilityGlobals) = postSolution
		SolutionGuid = {65C59A87-3429-41B9-AEDD-632DE3EC4042}
	EndGlobalSection
EndGlobal
