
Microsoft Visual Studio Solution File, Format Version 12.00
# Visual Studio Version 16
VisualStudioVersion = 16.0.30225.117
MinimumVisualStudioVersion = 10.0.40219.1
Project("{FAE04EC0-301F-11D3-BF4B-00C04F79EFBC}") = "Aula17", "Aula17.csproj", "{37BD4DA6-4948-4D76-8069-D54B19255A5D}"
EndProject
Global
	GlobalSection(SolutionConfigurationPlatforms) = preSolution
		Debug|Any CPU = Debug|Any CPU
		Release|Any CPU = Release|Any CPU
	EndGlobalSection
	GlobalSection(ProjectConfigurationPlatforms) = postSolution
		{37BD4DA6-4948-4D76-8069-D54B19255A5D}.Debug|Any CPU.ActiveCfg = Debug|Any CPU
		{37BD4DA6-4948-4D76-8069-D54B19255A5D}.Debug|Any CPU.Build.0 = Debug|Any CPU
		{37BD4DA6-4948-4D76-8069-D54B19255A5D}.Release|Any CPU.ActiveCfg = Release|Any CPU
		{37BD4DA6-4948-4D76-8069-D54B19255A5D}.Release|Any CPU.Build.0 = Release|Any CPU
	EndGlobalSection
	GlobalSection(SolutionProperties) = preSolution
		HideSolutionNode = FALSE
	EndGlobalSection
	GlobalSection(ExtensibilityGlobals) = postSolution
		SolutionGuid = {6BEE5939-8250-4D39-AAA6-EEA0C70FEC26}
	EndGlobalSection
EndGlobal
