
Microsoft Visual Studio Solution File, Format Version 12.00
# Visual Studio Version 16
VisualStudioVersion = 16.0.30225.117
MinimumVisualStudioVersion = 10.0.40219.1
Project("{FAE04EC0-301F-11D3-BF4B-00C04F79EFBC}") = "Aula11", "Aula11.csproj", "{FF0657BE-03F7-43CE-A549-DA7380A38537}"
EndProject
Global
	GlobalSection(SolutionConfigurationPlatforms) = preSolution
		Debug|Any CPU = Debug|Any CPU
		Release|Any CPU = Release|Any CPU
	EndGlobalSection
	GlobalSection(ProjectConfigurationPlatforms) = postSolution
		{FF0657BE-03F7-43CE-A549-DA7380A38537}.Debug|Any CPU.ActiveCfg = Debug|Any CPU
		{FF0657BE-03F7-43CE-A549-DA7380A38537}.Debug|Any CPU.Build.0 = Debug|Any CPU
		{FF0657BE-03F7-43CE-A549-DA7380A38537}.Release|Any CPU.ActiveCfg = Release|Any CPU
		{FF0657BE-03F7-43CE-A549-DA7380A38537}.Release|Any CPU.Build.0 = Release|Any CPU
	EndGlobalSection
	GlobalSection(SolutionProperties) = preSolution
		HideSolutionNode = FALSE
	EndGlobalSection
	GlobalSection(ExtensibilityGlobals) = postSolution
		SolutionGuid = {92B08127-EC27-41B3-97B6-F9BA9AA5006D}
	EndGlobalSection
EndGlobal
