
Microsoft Visual Studio Solution File, Format Version 12.00
# Visual Studio Version 16
VisualStudioVersion = 16.0.30225.117
MinimumVisualStudioVersion = 10.0.40219.1
Project("{FAE04EC0-301F-11D3-BF4B-00C04F79EFBC}") = "Aula12", "Aula12.csproj", "{95DA12E2-31A1-4BF5-86C0-24FA6B76239F}"
EndProject
Global
	GlobalSection(SolutionConfigurationPlatforms) = preSolution
		Debug|Any CPU = Debug|Any CPU
		Release|Any CPU = Release|Any CPU
	EndGlobalSection
	GlobalSection(ProjectConfigurationPlatforms) = postSolution
		{95DA12E2-31A1-4BF5-86C0-24FA6B76239F}.Debug|Any CPU.ActiveCfg = Debug|Any CPU
		{95DA12E2-31A1-4BF5-86C0-24FA6B76239F}.Debug|Any CPU.Build.0 = Debug|Any CPU
		{95DA12E2-31A1-4BF5-86C0-24FA6B76239F}.Release|Any CPU.ActiveCfg = Release|Any CPU
		{95DA12E2-31A1-4BF5-86C0-24FA6B76239F}.Release|Any CPU.Build.0 = Release|Any CPU
	EndGlobalSection
	GlobalSection(SolutionProperties) = preSolution
		HideSolutionNode = FALSE
	EndGlobalSection
	GlobalSection(ExtensibilityGlobals) = postSolution
		SolutionGuid = {B9760474-8850-43CD-8702-EA49A8F9A8E9}
	EndGlobalSection
EndGlobal
