
Microsoft Visual Studio Solution File, Format Version 12.00
# Visual Studio Version 16
VisualStudioVersion = 16.0.30225.117
MinimumVisualStudioVersion = 10.0.40219.1
Project("{FAE04EC0-301F-11D3-BF4B-00C04F79EFBC}") = "Aula19", "Aula19.csproj", "{D9D262D0-348B-4680-877A-9AC6CAC0762C}"
EndProject
Global
	GlobalSection(SolutionConfigurationPlatforms) = preSolution
		Debug|Any CPU = Debug|Any CPU
		Release|Any CPU = Release|Any CPU
	EndGlobalSection
	GlobalSection(ProjectConfigurationPlatforms) = postSolution
		{D9D262D0-348B-4680-877A-9AC6CAC0762C}.Debug|Any CPU.ActiveCfg = Debug|Any CPU
		{D9D262D0-348B-4680-877A-9AC6CAC0762C}.Debug|Any CPU.Build.0 = Debug|Any CPU
		{D9D262D0-348B-4680-877A-9AC6CAC0762C}.Release|Any CPU.ActiveCfg = Release|Any CPU
		{D9D262D0-348B-4680-877A-9AC6CAC0762C}.Release|Any CPU.Build.0 = Release|Any CPU
	EndGlobalSection
	GlobalSection(SolutionProperties) = preSolution
		HideSolutionNode = FALSE
	EndGlobalSection
	GlobalSection(ExtensibilityGlobals) = postSolution
		SolutionGuid = {EE36877C-5A40-4715-9F12-EB5F43FD95BB}
	EndGlobalSection
EndGlobal
