
Microsoft Visual Studio Solution File, Format Version 12.00
# Visual Studio Version 16
VisualStudioVersion = 16.0.30225.117
MinimumVisualStudioVersion = 10.0.40219.1
Project("{FAE04EC0-301F-11D3-BF4B-00C04F79EFBC}") = "Aula35", "Aula35.csproj", "{FB475546-76F8-494C-8637-9A31D16E472F}"
EndProject
Global
	GlobalSection(SolutionConfigurationPlatforms) = preSolution
		Debug|Any CPU = Debug|Any CPU
		Release|Any CPU = Release|Any CPU
	EndGlobalSection
	GlobalSection(ProjectConfigurationPlatforms) = postSolution
		{FB475546-76F8-494C-8637-9A31D16E472F}.Debug|Any CPU.ActiveCfg = Debug|Any CPU
		{FB475546-76F8-494C-8637-9A31D16E472F}.Debug|Any CPU.Build.0 = Debug|Any CPU
		{FB475546-76F8-494C-8637-9A31D16E472F}.Release|Any CPU.ActiveCfg = Release|Any CPU
		{FB475546-76F8-494C-8637-9A31D16E472F}.Release|Any CPU.Build.0 = Release|Any CPU
	EndGlobalSection
	GlobalSection(SolutionProperties) = preSolution
		HideSolutionNode = FALSE
	EndGlobalSection
	GlobalSection(ExtensibilityGlobals) = postSolution
		SolutionGuid = {D73B0411-D697-4727-8FAB-97332A5DE868}
	EndGlobalSection
EndGlobal
