
Microsoft Visual Studio Solution File, Format Version 12.00
# Visual Studio Version 16
VisualStudioVersion = 16.0.30225.117
MinimumVisualStudioVersion = 10.0.40219.1
Project("{FAE04EC0-301F-11D3-BF4B-00C04F79EFBC}") = "Aula44", "Aula44.csproj", "{B13F565E-2707-42AA-8202-F907012ACAB6}"
EndProject
Global
	GlobalSection(SolutionConfigurationPlatforms) = preSolution
		Debug|Any CPU = Debug|Any CPU
		Release|Any CPU = Release|Any CPU
	EndGlobalSection
	GlobalSection(ProjectConfigurationPlatforms) = postSolution
		{B13F565E-2707-42AA-8202-F907012ACAB6}.Debug|Any CPU.ActiveCfg = Debug|Any CPU
		{B13F565E-2707-42AA-8202-F907012ACAB6}.Debug|Any CPU.Build.0 = Debug|Any CPU
		{B13F565E-2707-42AA-8202-F907012ACAB6}.Release|Any CPU.ActiveCfg = Release|Any CPU
		{B13F565E-2707-42AA-8202-F907012ACAB6}.Release|Any CPU.Build.0 = Release|Any CPU
	EndGlobalSection
	GlobalSection(SolutionProperties) = preSolution
		HideSolutionNode = FALSE
	EndGlobalSection
	GlobalSection(ExtensibilityGlobals) = postSolution
		SolutionGuid = {A945B972-C544-4130-AEB3-D323106585E1}
	EndGlobalSection
EndGlobal
