
Microsoft Visual Studio Solution File, Format Version 12.00
# Visual Studio Version 16
VisualStudioVersion = 16.0.30225.117
MinimumVisualStudioVersion = 10.0.40219.1
Project("{FAE04EC0-301F-11D3-BF4B-00C04F79EFBC}") = "Aula26", "Aula26.csproj", "{D134CFC6-3861-4DEC-848A-E5B9E75B78CD}"
EndProject
Global
	GlobalSection(SolutionConfigurationPlatforms) = preSolution
		Debug|Any CPU = Debug|Any CPU
		Release|Any CPU = Release|Any CPU
	EndGlobalSection
	GlobalSection(ProjectConfigurationPlatforms) = postSolution
		{D134CFC6-3861-4DEC-848A-E5B9E75B78CD}.Debug|Any CPU.ActiveCfg = Debug|Any CPU
		{D134CFC6-3861-4DEC-848A-E5B9E75B78CD}.Debug|Any CPU.Build.0 = Debug|Any CPU
		{D134CFC6-3861-4DEC-848A-E5B9E75B78CD}.Release|Any CPU.ActiveCfg = Release|Any CPU
		{D134CFC6-3861-4DEC-848A-E5B9E75B78CD}.Release|Any CPU.Build.0 = Release|Any CPU
	EndGlobalSection
	GlobalSection(SolutionProperties) = preSolution
		HideSolutionNode = FALSE
	EndGlobalSection
	GlobalSection(ExtensibilityGlobals) = postSolution
		SolutionGuid = {0C48B415-5DD0-4221-900D-5AC9105AE74A}
	EndGlobalSection
EndGlobal
