
Microsoft Visual Studio Solution File, Format Version 12.00
# Visual Studio Version 16
VisualStudioVersion = 16.0.30225.117
MinimumVisualStudioVersion = 10.0.40219.1
Project("{FAE04EC0-301F-11D3-BF4B-00C04F79EFBC}") = "Aula42", "Aula42.csproj", "{FB5C3B2A-E6F0-4A74-8ACE-4571C7E928E7}"
EndProject
Global
	GlobalSection(SolutionConfigurationPlatforms) = preSolution
		Debug|Any CPU = Debug|Any CPU
		Release|Any CPU = Release|Any CPU
	EndGlobalSection
	GlobalSection(ProjectConfigurationPlatforms) = postSolution
		{FB5C3B2A-E6F0-4A74-8ACE-4571C7E928E7}.Debug|Any CPU.ActiveCfg = Debug|Any CPU
		{FB5C3B2A-E6F0-4A74-8ACE-4571C7E928E7}.Debug|Any CPU.Build.0 = Debug|Any CPU
		{FB5C3B2A-E6F0-4A74-8ACE-4571C7E928E7}.Release|Any CPU.ActiveCfg = Release|Any CPU
		{FB5C3B2A-E6F0-4A74-8ACE-4571C7E928E7}.Release|Any CPU.Build.0 = Release|Any CPU
	EndGlobalSection
	GlobalSection(SolutionProperties) = preSolution
		HideSolutionNode = FALSE
	EndGlobalSection
	GlobalSection(ExtensibilityGlobals) = postSolution
		SolutionGuid = {F680185D-8005-478C-9ED0-9D0092DAA2BD}
	EndGlobalSection
EndGlobal
